
Microsoft Visual Studio Solution File, Format Version 12.00
# Visual Studio Version 16
VisualStudioVersion = 16.0.30611.23
MinimumVisualStudioVersion = 10.0.40219.1
Project("{FAE04EC0-301F-11D3-BF4B-00C04F79EFBC}") = "UT3_Ac1_Formulario", "UT3_Ac1_Formulario\UT3_Ac1_Formulario.csproj", "{D3ACFFFA-B934-4A9D-88A4-48147F361978}"
EndProject
Global
	GlobalSection(SolutionConfigurationPlatforms) = preSolution
		Debug|Any CPU = Debug|Any CPU
		Release|Any CPU = Release|Any CPU
	EndGlobalSection
	GlobalSection(ProjectConfigurationPlatforms) = postSolution
		{D3ACFFFA-B934-4A9D-88A4-48147F361978}.Debug|Any CPU.ActiveCfg = Debug|Any CPU
		{D3ACFFFA-B934-4A9D-88A4-48147F361978}.Debug|Any CPU.Build.0 = Debug|Any CPU
		{D3ACFFFA-B934-4A9D-88A4-48147F361978}.Release|Any CPU.ActiveCfg = Release|Any CPU
		{D3ACFFFA-B934-4A9D-88A4-48147F361978}.Release|Any CPU.Build.0 = Release|Any CPU
	EndGlobalSection
	GlobalSection(SolutionProperties) = preSolution
		HideSolutionNode = FALSE
	EndGlobalSection
	GlobalSection(ExtensibilityGlobals) = postSolution
		SolutionGuid = {F37C558F-35BA-4104-B2A3-02A3003D241D}
	EndGlobalSection
EndGlobal
